// !$*UTF8*$!
{
	archiveVersion = 1;
	classes = {
	};
	objectVersion = 46;
	objects = {

/* Begin PBXBuildFile section */
		A869DE371EEE873F0010AE6E /* AppDelegate.swift in Sources */ = {isa = PBXBuildFile; fileRef = A869DE361EEE873F0010AE6E /* AppDelegate.swift */; };
		A869DE391EEE873F0010AE6E /* ViewController.swift in Sources */ = {isa = PBXBuildFile; fileRef = A869DE381EEE873F0010AE6E /* ViewController.swift */; };
		A869DE3C1EEE87400010AE6E /* Main.storyboard in Resources */ = {isa = PBXBuildFile; fileRef = A869DE3A1EEE87400010AE6E /* Main.storyboard */; };
		A869DE3E1EEE87400010AE6E /* Assets.xcassets in Resources */ = {isa = PBXBuildFile; fileRef = A869DE3D1EEE87400010AE6E /* Assets.xcassets */; };
		A869DE411EEE87410010AE6E /* LaunchScreen.storyboard in Resources */ = {isa = PBXBuildFile; fileRef = A869DE3F1EEE87410010AE6E /* LaunchScreen.storyboard */; };
/* End PBXBuildFile section */

/* Begin PBXFileReference section */
		A869DE331EEE873F0010AE6E /* d00_helloworld.app */ = {isa = PBXFileReference; explicitFileType = wrapper.application; includeInIndex = 0; path = d00_helloworld.app; sourceTree = BUILT_PRODUCTS_DIR; };
		A869DE361EEE873F0010AE6E /* AppDelegate.swift */ = {isa = PBXFileReference; lastKnownFileType = sourcecode.swift; path = AppDelegate.swift; sourceTree = "<group>"; };
		A869DE381EEE873F0010AE6E /* ViewController.swift */ = {isa = PBXFileReference; lastKnownFileType = sourcecode.swift; path = ViewController.swift; sourceTree = "<group>"; };
		A869DE3B1EEE87400010AE6E /* Base */ = {isa = PBXFileReference; lastKnownFileType = file.storyboard; name = Base; path = Base.lproj/Main.storyboard; sourceTree = "<group>"; };
		A869DE3D1EEE87400010AE6E /* Assets.xcassets */ = {isa = PBXFileReference; lastKnownFileType = folder.assetcatalog; path = Assets.xcassets; sourceTree = "<group>"; };
		A869DE401EEE87410010AE6E /* Base */ = {isa = PBXFileReference; lastKnownFileType = file.storyboard; name = Base; path = Base.lproj/LaunchScreen.storyboard; sourceTree = "<group>"; };
		A869DE421EEE87410010AE6E /* Info.plist */ = {isa = PBXFileReference; lastKnownFileType = text.plist.xml; path = Info.plist; sourceTree = "<group>"; };
/* End PBXFileReference section */

/* Begin PBXFrameworksBuildPhase section */
		A869DE301EEE873F0010AE6E /* Frameworks */ = {
			isa = PBXFrameworksBuildPhase;
			buildActionMask = 2147483647;
			files = (
			);
			runOnlyForDeploymentPostprocessing = 0;
		};
/* End PBXFrameworksBuildPhase section */

/* Begin PBXGroup section */
		A869DE2A1EEE873F0010AE6E = {
			isa = PBXGroup;
			children = (
				A869DE351EEE873F0010AE6E /* d00_helloworld */,
				A869DE341EEE873F0010AE6E /* Products */,
			);
			sourceTree = "<group>";
		};
		A869DE341EEE873F0010AE6E /* Products */ = {
			isa = PBXGroup;
			children = (
				A869DE331EEE873F0010AE6E /* d00_helloworld.app */,
			);
			name = Products;
			sourceTree = "<group>";
		};
		A869DE351EEE873F0010AE6E /* d00_helloworld */ = {
			isa = PBXGroup;
			children = (
				A869DE361EEE873F0010AE6E /* AppDelegate.swift */,
				A869DE381EEE873F0010AE6E /* ViewController.swift */,
				A869DE3A1EEE87400010AE6E /* Main.storyboard */,
				A869DE3D1EEE87400010AE6E /* Assets.xcassets */,
				A869DE3F1EEE87410010AE6E /* LaunchScreen.storyboard */,
				A869DE421EEE87410010AE6E /* Info.plist */,
			);
			path = d00_helloworld;
			sourceTree = "<group>";
		};
/* End PBXGroup section */

/* Begin PBXNativeTarget section */
		A869DE321EEE873F0010AE6E /* d00_helloworld */ = {
			isa = PBXNativeTarget;
			buildConfigurationList = A869DE451EEE87410010AE6E /* Build configuration list for PBXNativeTarget "d00_helloworld" */;
			buildPhases = (
				A869DE2F1EEE873F0010AE6E /* Sources */,
				A869DE301EEE873F0010AE6E /* Frameworks */,
				A869DE311EEE873F0010AE6E /* Resources */,
			);
			buildRules = (
			);
			dependencies = (
			);
			name = d00_helloworld;
			productName = d00_helloworld;
			productReference = A869DE331EEE873F0010AE6E /* d00_helloworld.app */;
			productType = "com.apple.product-type.application";
		};
/* End PBXNativeTarget section */

/* Begin PBXProject section */
		A869DE2B1EEE873F0010AE6E /* Project object */ = {
			isa = PBXProject;
			attributes = {
				LastSwiftUpdateCheck = 0820;
				LastUpgradeCheck = 0820;
				ORGANIZATIONNAME = "Thomas LE MEUR";
				TargetAttributes = {
					A869DE321EEE873F0010AE6E = {
						CreatedOnToolsVersion = 8.2.1;
						ProvisioningStyle = Automatic;
					};
				};
			};
			buildConfigurationList = A869DE2E1EEE873F0010AE6E /* Build configuration list for PBXProject "d00_helloworld" */;
			compatibilityVersion = "Xcode 3.2";
			developmentRegion = English;
			hasScannedForEncodings = 0;
			knownRegions = (
				en,
				Base,
			);
			mainGroup = A869DE2A1EEE873F0010AE6E;
			productRefGroup = A869DE341EEE873F0010AE6E /* Products */;
			projectDirPath = "";
			projectRoot = "";
			targets = (
				A869DE321EEE873F0010AE6E /* d00_helloworld */,
			);
		};
/* End PBXProject section */

/* Begin PBXResourcesBuildPhase section */
		A869DE311EEE873F0010AE6E /* Resources */ = {
			isa = PBXResourcesBuildPhase;
			buildActionMask = 2147483647;
			files = (
				A869DE411EEE87410010AE6E /* LaunchScreen.storyboard in Resources */,
				A869DE3E1EEE87400010AE6E /* Assets.xcassets in Resources */,
				A869DE3C1EEE87400010AE6E /* Main.storyboard in Resources */,
			);
			runOnlyForDeploymentPostprocessing = 0;
		};
/* End PBXResourcesBuildPhase section */

/* Begin PBXSourcesBuildPhase section */
		A869DE2F1EEE873F0010AE6E /* Sources */ = {
			isa = PBXSourcesBuildPhase;
			buildActionMask = 2147483647;
			files = (
				A869DE391EEE873F0010AE6E /* ViewController.swift in Sources */,
				A869DE371EEE873F0010AE6E /* AppDelegate.swift in Sources */,
			);
			runOnlyForDeploymentPostprocessing = 0;
		};
/* End PBXSourcesBuildPhase section */

/* Begin PBXVariantGroup section */
		A869DE3A1EEE87400010AE6E /* Main.storyboard */ = {
			isa = PBXVariantGroup;
			children = (
				A869DE3B1EEE87400010AE6E /* Base */,
			);
			name = Main.storyboard;
			sourceTree = "<group>";
		};
		A869DE3F1EEE87410010AE6E /* LaunchScreen.storyboard */ = {
			isa = PBXVariantGroup;
			children = (
				A869DE401EEE87410010AE6E /* Base */,
			);
			name = LaunchScreen.storyboard;
			sourceTree = "<group>";
		};
/* End PBXVariantGroup section */

/* Begin XCBuildConfiguration section */
		A869DE431EEE87410010AE6E /* Debug */ = {
			isa = XCBuildConfiguration;
			buildSettings = {
				ALWAYS_SEARCH_USER_PATHS = NO;
				CLANG_ANALYZER_NONNULL = YES;
				CLANG_CXX_LANGUAGE_STANDARD = "gnu++0x";
				CLANG_CXX_LIBRARY = "libc++";
				CLANG_ENABLE_MODULES = YES;
				CLANG_ENABLE_OBJC_ARC = YES;
				CLANG_WARN_BOOL_CONVERSION = YES;
				CLANG_WARN_CONSTANT_CONVERSION = YES;
				CLANG_WARN_DIRECT_OBJC_ISA_USAGE = YES_ERROR;
				CLANG_WARN_DOCUMENTATION_COMMENTS = YES;
				CLANG_WARN_EMPTY_BODY = YES;
				CLANG_WARN_ENUM_CONVERSION = YES;
				CLANG_WARN_INFINITE_RECURSION = YES;
				CLANG_WARN_INT_CONVERSION = YES;
				CLANG_WARN_OBJC_ROOT_CLASS = YES_ERROR;
				CLANG_WARN_SUSPICIOUS_MOVE = YES;
				CLANG_WARN_UNREACHABLE_CODE = YES;
				CLANG_WARN__DUPLICATE_METHOD_MATCH = YES;
				"CODE_SIGN_IDENTITY[sdk=iphoneos*]" = "iPhone Developer";
				COPY_PHASE_STRIP = NO;
				DEBUG_INFORMATION_FORMAT = dwarf;
				ENABLE_STRICT_OBJC_MSGSEND = YES;
				ENABLE_TESTABILITY = YES;
				GCC_C_LANGUAGE_STANDARD = gnu99;
				GCC_DYNAMIC_NO_PIC = NO;
				GCC_NO_COMMON_BLOCKS = YES;
				GCC_OPTIMIZATION_LEVEL = 0;
				GCC_PREPROCESSOR_DEFINITIONS = (
					"DEBUG=1",
					"$(inherited)",
				);
				GCC_WARN_64_TO_32_BIT_CONVERSION = YES;
				GCC_WARN_ABOUT_RETURN_TYPE = YES_ERROR;
				GCC_WARN_UNDECLARED_SELECTOR = YES;
				GCC_WARN_UNINITIALIZED_AUTOS = YES_AGGRESSIVE;
				GCC_WARN_UNUSED_FUNCTION = YES;
				GCC_WARN_UNUSED_VARIABLE = YES;
				IPHONEOS_DEPLOYMENT_TARGET = 10.2;
				MTL_ENABLE_DEBUG_INFO = YES;
				ONLY_ACTIVE_ARCH = YES;
				SDKROOT = iphoneos;
				SWIFT_ACTIVE_COMPILATION_CONDITIONS = DEBUG;
				SWIFT_OPTIMIZATION_LEVEL = "-Onone";
				TARGETED_DEVICE_FAMILY = "1,2";
			};
			name = Debug;
		};
		A869DE441EEE87410010AE6E /* Release */ = {
			isa = XCBuildConfiguration;
			buildSettings = {
				ALWAYS_SEARCH_USER_PATHS = NO;
				CLANG_ANALYZER_NONNULL = YES;
				CLANG_CXX_LANGUAGE_STANDARD = "gnu++0x";
				CLANG_CXX_LIBRARY = "libc++";
				CLANG_ENABLE_MODULES = YES;
				CLANG_ENABLE_OBJC_ARC = YES;
				CLANG_WARN_BOOL_CONVERSION = YES;
				CLANG_WARN_CONSTANT_CONVERSION = YES;
				CLANG_WARN_DIRECT_OBJC_ISA_USAGE = YES_ERROR;
				CLANG_WARN_DOCUMENTATION_COMMENTS = YES;
				CLANG_WARN_EMPTY_BODY = YES;
				CLANG_WARN_ENUM_CONVERSION = YES;
				CLANG_WARN_INFINITE_RECURSION = YES;
				CLANG_WARN_INT_CONVERSION = YES;
				CLANG_WARN_OBJC_ROOT_CLASS = YES_ERROR;
				CLANG_WARN_SUSPICIOUS_MOVE = YES;
				CLANG_WARN_UNREACHABLE_CODE = YES;
				CLANG_WARN__DUPLICATE_METHOD_MATCH = YES;
				"CODE_SIGN_IDENTITY[sdk=iphoneos*]" = "iPhone Developer";
				COPY_PHASE_STRIP = NO;
				DEBUG_INFORMATION_FORMAT = "dwarf-with-dsym";
				ENABLE_NS_ASSERTIONS = NO;
				ENABLE_STRICT_OBJC_MSGSEND = YES;
				GCC_C_LANGUAGE_STANDARD = gnu99;
				GCC_NO_COMMON_BLOCKS = YES;
				GCC_WARN_64_TO_32_BIT_CONVERSION = YES;
				GCC_WARN_ABOUT_RETURN_TYPE = YES_ERROR;
				GCC_WARN_UNDECLARED_SELECTOR = YES;
				GCC_WARN_UNINITIALIZED_AUTOS = YES_AGGRESSIVE;
				GCC_WARN_UNUSED_FUNCTION = YES;
				GCC_WARN_UNUSED_VARIABLE = YES;
				IPHONEOS_DEPLOYMENT_TARGET = 10.2;
				MTL_ENABLE_DEBUG_INFO = NO;
				SDKROOT = iphoneos;
				SWIFT_OPTIMIZATION_LEVEL = "-Owholemodule";
				TARGETED_DEVICE_FAMILY = "1,2";
				VALIDATE_PRODUCT = YES;
			};
			name = Release;
		};
		A869DE461EEE87410010AE6E /* Debug */ = {
			isa = XCBuildConfiguration;
			buildSettings = {
				ASSETCATALOG_COMPILER_APPICON_NAME = AppIcon;
				INFOPLIST_FILE = d00_helloworld/Info.plist;
				LD_RUNPATH_SEARCH_PATHS = "$(inherited) @executable_path/Frameworks";
				PRODUCT_BUNDLE_IDENTIFIER = "d00-helloworld.d00-helloworld";
				PRODUCT_NAME = "$(TARGET_NAME)";
				SWIFT_VERSION = 3.0;
			};
			name = Debug;
		};
		A869DE471EEE87410010AE6E /* Release */ = {
			isa = XCBuildConfiguration;
			buildSettings = {
				ASSETCATALOG_COMPILER_APPICON_NAME = AppIcon;
				INFOPLIST_FILE = d00_helloworld/Info.plist;
				LD_RUNPATH_SEARCH_PATHS = "$(inherited) @executable_path/Frameworks";
				PRODUCT_BUNDLE_IDENTIFIER = "d00-helloworld.d00-helloworld";
				PRODUCT_NAME = "$(TARGET_NAME)";
				SWIFT_VERSION = 3.0;
			};
			name = Release;
		};
/* End XCBuildConfiguration section */

/* Begin XCConfigurationList section */
		A869DE2E1EEE873F0010AE6E /* Build configuration list for PBXProject "d00_helloworld" */ = {
			isa = XCConfigurationList;
			buildConfigurations = (
				A869DE431EEE87410010AE6E /* Debug */,
				A869DE441EEE87410010AE6E /* Release */,
			);
			defaultConfigurationIsVisible = 0;
			defaultConfigurationName = Release;
		};
		A869DE451EEE87410010AE6E /* Build configuration list for PBXNativeTarget "d00_helloworld" */ = {
			isa = XCConfigurationList;
			buildConfigurations = (
				A869DE461EEE87410010AE6E /* Debug */,
				A869DE471EEE87410010AE6E /* Release */,
			);
			defaultConfigurationIsVisible = 0;
		};
/* End XCConfigurationList section */
	};
	rootObject = A869DE2B1EEE873F0010AE6E /* Project object */;
}
