// !$*UTF8*$!
{
	archiveVersion = 1;
	classes = {
	};
	objectVersion = 46;
	objects = {

/* Begin PBXBuildFile section */
		A802AB2B1EF3C74D0077BD43 /* AppDelegate.swift in Sources */ = {isa = PBXBuildFile; fileRef = A802AB2A1EF3C74D0077BD43 /* AppDelegate.swift */; };
		A802AB2D1EF3C74D0077BD43 /* ViewController.swift in Sources */ = {isa = PBXBuildFile; fileRef = A802AB2C1EF3C74D0077BD43 /* ViewController.swift */; };
		A802AB301EF3C74D0077BD43 /* Main.storyboard in Resources */ = {isa = PBXBuildFile; fileRef = A802AB2E1EF3C74D0077BD43 /* Main.storyboard */; };
		A802AB321EF3C74D0077BD43 /* Assets.xcassets in Resources */ = {isa = PBXBuildFile; fileRef = A802AB311EF3C74D0077BD43 /* Assets.xcassets */; };
		A802AB351EF3C74D0077BD43 /* LaunchScreen.storyboard in Resources */ = {isa = PBXBuildFile; fileRef = A802AB331EF3C74D0077BD43 /* LaunchScreen.storyboard */; };
		A802AB3D1EF3C7950077BD43 /* Tweet.swift in Sources */ = {isa = PBXBuildFile; fileRef = A802AB3C1EF3C7950077BD43 /* Tweet.swift */; };
		A802AB3F1EF3C83F0077BD43 /* APITwitterDelegate.swift in Sources */ = {isa = PBXBuildFile; fileRef = A802AB3E1EF3C83F0077BD43 /* APITwitterDelegate.swift */; };
		A802AB411EF3C8F00077BD43 /* APIController.swift in Sources */ = {isa = PBXBuildFile; fileRef = A802AB401EF3C8F00077BD43 /* APIController.swift */; };
		A802AB431EF4119E0077BD43 /* tweetCellTableViewCell.swift in Sources */ = {isa = PBXBuildFile; fileRef = A802AB421EF4119E0077BD43 /* tweetCellTableViewCell.swift */; };
		A8A7188D1EF43703003E5512 /* searchCell.swift in Sources */ = {isa = PBXBuildFile; fileRef = A8A7188C1EF43703003E5512 /* searchCell.swift */; };
/* End PBXBuildFile section */

/* Begin PBXFileReference section */
		A802AB271EF3C74D0077BD43 /* d04_tweeter.app */ = {isa = PBXFileReference; explicitFileType = wrapper.application; includeInIndex = 0; path = d04_tweeter.app; sourceTree = BUILT_PRODUCTS_DIR; };
		A802AB2A1EF3C74D0077BD43 /* AppDelegate.swift */ = {isa = PBXFileReference; lastKnownFileType = sourcecode.swift; path = AppDelegate.swift; sourceTree = "<group>"; };
		A802AB2C1EF3C74D0077BD43 /* ViewController.swift */ = {isa = PBXFileReference; lastKnownFileType = sourcecode.swift; path = ViewController.swift; sourceTree = "<group>"; };
		A802AB2F1EF3C74D0077BD43 /* Base */ = {isa = PBXFileReference; lastKnownFileType = file.storyboard; name = Base; path = Base.lproj/Main.storyboard; sourceTree = "<group>"; };
		A802AB311EF3C74D0077BD43 /* Assets.xcassets */ = {isa = PBXFileReference; lastKnownFileType = folder.assetcatalog; path = Assets.xcassets; sourceTree = "<group>"; };
		A802AB341EF3C74D0077BD43 /* Base */ = {isa = PBXFileReference; lastKnownFileType = file.storyboard; name = Base; path = Base.lproj/LaunchScreen.storyboard; sourceTree = "<group>"; };
		A802AB361EF3C74D0077BD43 /* Info.plist */ = {isa = PBXFileReference; lastKnownFileType = text.plist.xml; path = Info.plist; sourceTree = "<group>"; };
		A802AB3C1EF3C7950077BD43 /* Tweet.swift */ = {isa = PBXFileReference; fileEncoding = 4; lastKnownFileType = sourcecode.swift; name = Tweet.swift; path = ../Tweet.swift; sourceTree = "<group>"; };
		A802AB3E1EF3C83F0077BD43 /* APITwitterDelegate.swift */ = {isa = PBXFileReference; fileEncoding = 4; lastKnownFileType = sourcecode.swift; name = APITwitterDelegate.swift; path = ../APITwitterDelegate.swift; sourceTree = "<group>"; };
		A802AB401EF3C8F00077BD43 /* APIController.swift */ = {isa = PBXFileReference; fileEncoding = 4; lastKnownFileType = sourcecode.swift; path = APIController.swift; sourceTree = "<group>"; };
		A802AB421EF4119E0077BD43 /* tweetCellTableViewCell.swift */ = {isa = PBXFileReference; fileEncoding = 4; lastKnownFileType = sourcecode.swift; path = tweetCellTableViewCell.swift; sourceTree = "<group>"; };
		A8A7188C1EF43703003E5512 /* searchCell.swift */ = {isa = PBXFileReference; fileEncoding = 4; lastKnownFileType = sourcecode.swift; path = searchCell.swift; sourceTree = "<group>"; };
/* End PBXFileReference section */

/* Begin PBXFrameworksBuildPhase section */
		A802AB241EF3C74C0077BD43 /* Frameworks */ = {
			isa = PBXFrameworksBuildPhase;
			buildActionMask = 2147483647;
			files = (
			);
			runOnlyForDeploymentPostprocessing = 0;
		};
/* End PBXFrameworksBuildPhase section */

/* Begin PBXGroup section */
		A802AB1E1EF3C74C0077BD43 = {
			isa = PBXGroup;
			children = (
				A802AB291EF3C74D0077BD43 /* d04_tweeter */,
				A802AB281EF3C74D0077BD43 /* Products */,
			);
			sourceTree = "<group>";
		};
		A802AB281EF3C74D0077BD43 /* Products */ = {
			isa = PBXGroup;
			children = (
				A802AB271EF3C74D0077BD43 /* d04_tweeter.app */,
			);
			name = Products;
			sourceTree = "<group>";
		};
		A802AB291EF3C74D0077BD43 /* d04_tweeter */ = {
			isa = PBXGroup;
			children = (
				A802AB3C1EF3C7950077BD43 /* Tweet.swift */,
				A802AB3E1EF3C83F0077BD43 /* APITwitterDelegate.swift */,
				A802AB2A1EF3C74D0077BD43 /* AppDelegate.swift */,
				A802AB2C1EF3C74D0077BD43 /* ViewController.swift */,
				A802AB2E1EF3C74D0077BD43 /* Main.storyboard */,
				A8A7188C1EF43703003E5512 /* searchCell.swift */,
				A802AB311EF3C74D0077BD43 /* Assets.xcassets */,
				A802AB331EF3C74D0077BD43 /* LaunchScreen.storyboard */,
				A802AB361EF3C74D0077BD43 /* Info.plist */,
				A802AB401EF3C8F00077BD43 /* APIController.swift */,
				A802AB421EF4119E0077BD43 /* tweetCellTableViewCell.swift */,
			);
			path = d04_tweeter;
			sourceTree = "<group>";
		};
/* End PBXGroup section */

/* Begin PBXNativeTarget section */
		A802AB261EF3C74C0077BD43 /* d04_tweeter */ = {
			isa = PBXNativeTarget;
			buildConfigurationList = A802AB391EF3C74D0077BD43 /* Build configuration list for PBXNativeTarget "d04_tweeter" */;
			buildPhases = (
				A802AB231EF3C74C0077BD43 /* Sources */,
				A802AB241EF3C74C0077BD43 /* Frameworks */,
				A802AB251EF3C74C0077BD43 /* Resources */,
			);
			buildRules = (
			);
			dependencies = (
			);
			name = d04_tweeter;
			productName = d04_tweeter;
			productReference = A802AB271EF3C74D0077BD43 /* d04_tweeter.app */;
			productType = "com.apple.product-type.application";
		};
/* End PBXNativeTarget section */

/* Begin PBXProject section */
		A802AB1F1EF3C74C0077BD43 /* Project object */ = {
			isa = PBXProject;
			attributes = {
				LastSwiftUpdateCheck = 0820;
				LastUpgradeCheck = 0820;
				ORGANIZATIONNAME = "Thomas LE MEUR";
				TargetAttributes = {
					A802AB261EF3C74C0077BD43 = {
						CreatedOnToolsVersion = 8.2.1;
						ProvisioningStyle = Automatic;
					};
				};
			};
			buildConfigurationList = A802AB221EF3C74C0077BD43 /* Build configuration list for PBXProject "d04_tweeter" */;
			compatibilityVersion = "Xcode 3.2";
			developmentRegion = English;
			hasScannedForEncodings = 0;
			knownRegions = (
				en,
				Base,
			);
			mainGroup = A802AB1E1EF3C74C0077BD43;
			productRefGroup = A802AB281EF3C74D0077BD43 /* Products */;
			projectDirPath = "";
			projectRoot = "";
			targets = (
				A802AB261EF3C74C0077BD43 /* d04_tweeter */,
			);
		};
/* End PBXProject section */

/* Begin PBXResourcesBuildPhase section */
		A802AB251EF3C74C0077BD43 /* Resources */ = {
			isa = PBXResourcesBuildPhase;
			buildActionMask = 2147483647;
			files = (
				A802AB351EF3C74D0077BD43 /* LaunchScreen.storyboard in Resources */,
				A802AB321EF3C74D0077BD43 /* Assets.xcassets in Resources */,
				A802AB301EF3C74D0077BD43 /* Main.storyboard in Resources */,
			);
			runOnlyForDeploymentPostprocessing = 0;
		};
/* End PBXResourcesBuildPhase section */

/* Begin PBXSourcesBuildPhase section */
		A802AB231EF3C74C0077BD43 /* Sources */ = {
			isa = PBXSourcesBuildPhase;
			buildActionMask = 2147483647;
			files = (
				A8A7188D1EF43703003E5512 /* searchCell.swift in Sources */,
				A802AB3D1EF3C7950077BD43 /* Tweet.swift in Sources */,
				A802AB431EF4119E0077BD43 /* tweetCellTableViewCell.swift in Sources */,
				A802AB2D1EF3C74D0077BD43 /* ViewController.swift in Sources */,
				A802AB2B1EF3C74D0077BD43 /* AppDelegate.swift in Sources */,
				A802AB3F1EF3C83F0077BD43 /* APITwitterDelegate.swift in Sources */,
				A802AB411EF3C8F00077BD43 /* APIController.swift in Sources */,
			);
			runOnlyForDeploymentPostprocessing = 0;
		};
/* End PBXSourcesBuildPhase section */

/* Begin PBXVariantGroup section */
		A802AB2E1EF3C74D0077BD43 /* Main.storyboard */ = {
			isa = PBXVariantGroup;
			children = (
				A802AB2F1EF3C74D0077BD43 /* Base */,
			);
			name = Main.storyboard;
			sourceTree = "<group>";
		};
		A802AB331EF3C74D0077BD43 /* LaunchScreen.storyboard */ = {
			isa = PBXVariantGroup;
			children = (
				A802AB341EF3C74D0077BD43 /* Base */,
			);
			name = LaunchScreen.storyboard;
			sourceTree = "<group>";
		};
/* End PBXVariantGroup section */

/* Begin XCBuildConfiguration section */
		A802AB371EF3C74D0077BD43 /* Debug */ = {
			isa = XCBuildConfiguration;
			buildSettings = {
				ALWAYS_SEARCH_USER_PATHS = NO;
				CLANG_ANALYZER_NONNULL = YES;
				CLANG_CXX_LANGUAGE_STANDARD = "gnu++0x";
				CLANG_CXX_LIBRARY = "libc++";
				CLANG_ENABLE_MODULES = YES;
				CLANG_ENABLE_OBJC_ARC = YES;
				CLANG_WARN_BOOL_CONVERSION = YES;
				CLANG_WARN_CONSTANT_CONVERSION = YES;
				CLANG_WARN_DIRECT_OBJC_ISA_USAGE = YES_ERROR;
				CLANG_WARN_DOCUMENTATION_COMMENTS = YES;
				CLANG_WARN_EMPTY_BODY = YES;
				CLANG_WARN_ENUM_CONVERSION = YES;
				CLANG_WARN_INFINITE_RECURSION = YES;
				CLANG_WARN_INT_CONVERSION = YES;
				CLANG_WARN_OBJC_ROOT_CLASS = YES_ERROR;
				CLANG_WARN_SUSPICIOUS_MOVE = YES;
				CLANG_WARN_UNREACHABLE_CODE = YES;
				CLANG_WARN__DUPLICATE_METHOD_MATCH = YES;
				"CODE_SIGN_IDENTITY[sdk=iphoneos*]" = "iPhone Developer";
				COPY_PHASE_STRIP = NO;
				DEBUG_INFORMATION_FORMAT = dwarf;
				ENABLE_STRICT_OBJC_MSGSEND = YES;
				ENABLE_TESTABILITY = YES;
				GCC_C_LANGUAGE_STANDARD = gnu99;
				GCC_DYNAMIC_NO_PIC = NO;
				GCC_NO_COMMON_BLOCKS = YES;
				GCC_OPTIMIZATION_LEVEL = 0;
				GCC_PREPROCESSOR_DEFINITIONS = (
					"DEBUG=1",
					"$(inherited)",
				);
				GCC_WARN_64_TO_32_BIT_CONVERSION = YES;
				GCC_WARN_ABOUT_RETURN_TYPE = YES_ERROR;
				GCC_WARN_UNDECLARED_SELECTOR = YES;
				GCC_WARN_UNINITIALIZED_AUTOS = YES_AGGRESSIVE;
				GCC_WARN_UNUSED_FUNCTION = YES;
				GCC_WARN_UNUSED_VARIABLE = YES;
				IPHONEOS_DEPLOYMENT_TARGET = 10.2;
				MTL_ENABLE_DEBUG_INFO = YES;
				ONLY_ACTIVE_ARCH = YES;
				SDKROOT = iphoneos;
				SWIFT_ACTIVE_COMPILATION_CONDITIONS = DEBUG;
				SWIFT_OPTIMIZATION_LEVEL = "-Onone";
				TARGETED_DEVICE_FAMILY = "1,2";
			};
			name = Debug;
		};
		A802AB381EF3C74D0077BD43 /* Release */ = {
			isa = XCBuildConfiguration;
			buildSettings = {
				ALWAYS_SEARCH_USER_PATHS = NO;
				CLANG_ANALYZER_NONNULL = YES;
				CLANG_CXX_LANGUAGE_STANDARD = "gnu++0x";
				CLANG_CXX_LIBRARY = "libc++";
				CLANG_ENABLE_MODULES = YES;
				CLANG_ENABLE_OBJC_ARC = YES;
				CLANG_WARN_BOOL_CONVERSION = YES;
				CLANG_WARN_CONSTANT_CONVERSION = YES;
				CLANG_WARN_DIRECT_OBJC_ISA_USAGE = YES_ERROR;
				CLANG_WARN_DOCUMENTATION_COMMENTS = YES;
				CLANG_WARN_EMPTY_BODY = YES;
				CLANG_WARN_ENUM_CONVERSION = YES;
				CLANG_WARN_INFINITE_RECURSION = YES;
				CLANG_WARN_INT_CONVERSION = YES;
				CLANG_WARN_OBJC_ROOT_CLASS = YES_ERROR;
				CLANG_WARN_SUSPICIOUS_MOVE = YES;
				CLANG_WARN_UNREACHABLE_CODE = YES;
				CLANG_WARN__DUPLICATE_METHOD_MATCH = YES;
				"CODE_SIGN_IDENTITY[sdk=iphoneos*]" = "iPhone Developer";
				COPY_PHASE_STRIP = NO;
				DEBUG_INFORMATION_FORMAT = "dwarf-with-dsym";
				ENABLE_NS_ASSERTIONS = NO;
				ENABLE_STRICT_OBJC_MSGSEND = YES;
				GCC_C_LANGUAGE_STANDARD = gnu99;
				GCC_NO_COMMON_BLOCKS = YES;
				GCC_WARN_64_TO_32_BIT_CONVERSION = YES;
				GCC_WARN_ABOUT_RETURN_TYPE = YES_ERROR;
				GCC_WARN_UNDECLARED_SELECTOR = YES;
				GCC_WARN_UNINITIALIZED_AUTOS = YES_AGGRESSIVE;
				GCC_WARN_UNUSED_FUNCTION = YES;
				GCC_WARN_UNUSED_VARIABLE = YES;
				IPHONEOS_DEPLOYMENT_TARGET = 10.2;
				MTL_ENABLE_DEBUG_INFO = NO;
				SDKROOT = iphoneos;
				SWIFT_OPTIMIZATION_LEVEL = "-Owholemodule";
				TARGETED_DEVICE_FAMILY = "1,2";
				VALIDATE_PRODUCT = YES;
			};
			name = Release;
		};
		A802AB3A1EF3C74D0077BD43 /* Debug */ = {
			isa = XCBuildConfiguration;
			buildSettings = {
				ASSETCATALOG_COMPILER_APPICON_NAME = AppIcon;
				INFOPLIST_FILE = d04_tweeter/Info.plist;
				LD_RUNPATH_SEARCH_PATHS = "$(inherited) @executable_path/Frameworks";
				PRODUCT_BUNDLE_IDENTIFIER = "d04-tweeter.d04-tweeter";
				PRODUCT_NAME = "$(TARGET_NAME)";
				SWIFT_VERSION = 3.0;
			};
			name = Debug;
		};
		A802AB3B1EF3C74D0077BD43 /* Release */ = {
			isa = XCBuildConfiguration;
			buildSettings = {
				ASSETCATALOG_COMPILER_APPICON_NAME = AppIcon;
				INFOPLIST_FILE = d04_tweeter/Info.plist;
				LD_RUNPATH_SEARCH_PATHS = "$(inherited) @executable_path/Frameworks";
				PRODUCT_BUNDLE_IDENTIFIER = "d04-tweeter.d04-tweeter";
				PRODUCT_NAME = "$(TARGET_NAME)";
				SWIFT_VERSION = 3.0;
			};
			name = Release;
		};
/* End XCBuildConfiguration section */

/* Begin XCConfigurationList section */
		A802AB221EF3C74C0077BD43 /* Build configuration list for PBXProject "d04_tweeter" */ = {
			isa = XCConfigurationList;
			buildConfigurations = (
				A802AB371EF3C74D0077BD43 /* Debug */,
				A802AB381EF3C74D0077BD43 /* Release */,
			);
			defaultConfigurationIsVisible = 0;
			defaultConfigurationName = Release;
		};
		A802AB391EF3C74D0077BD43 /* Build configuration list for PBXNativeTarget "d04_tweeter" */ = {
			isa = XCConfigurationList;
			buildConfigurations = (
				A802AB3A1EF3C74D0077BD43 /* Debug */,
				A802AB3B1EF3C74D0077BD43 /* Release */,
			);
			defaultConfigurationIsVisible = 0;
			defaultConfigurationName = Release;
		};
/* End XCConfigurationList section */
	};
	rootObject = A802AB1F1EF3C74C0077BD43 /* Project object */;
}
