// !$*UTF8*$!
{
	archiveVersion = 1;
	classes = {
	};
	objectVersion = 46;
	objects = {

/* Begin PBXBuildFile section */
		A8C89F201EF90C3700DE6974 /* AppDelegate.swift in Sources */ = {isa = PBXBuildFile; fileRef = A8C89F1F1EF90C3700DE6974 /* AppDelegate.swift */; };
		A8C89F221EF90C3700DE6974 /* ViewController.swift in Sources */ = {isa = PBXBuildFile; fileRef = A8C89F211EF90C3700DE6974 /* ViewController.swift */; };
		A8C89F251EF90C3700DE6974 /* Main.storyboard in Resources */ = {isa = PBXBuildFile; fileRef = A8C89F231EF90C3700DE6974 /* Main.storyboard */; };
		A8C89F271EF90C3700DE6974 /* Assets.xcassets in Resources */ = {isa = PBXBuildFile; fileRef = A8C89F261EF90C3700DE6974 /* Assets.xcassets */; };
		A8C89F2A1EF90C3700DE6974 /* LaunchScreen.storyboard in Resources */ = {isa = PBXBuildFile; fileRef = A8C89F281EF90C3700DE6974 /* LaunchScreen.storyboard */; };
		A8C89F321EF90D1D00DE6974 /* formView.swift in Sources */ = {isa = PBXBuildFile; fileRef = A8C89F311EF90D1D00DE6974 /* formView.swift */; };
/* End PBXBuildFile section */

/* Begin PBXFileReference section */
		A8C89F1C1EF90C3700DE6974 /* d06.app */ = {isa = PBXFileReference; explicitFileType = wrapper.application; includeInIndex = 0; path = d06.app; sourceTree = BUILT_PRODUCTS_DIR; };
		A8C89F1F1EF90C3700DE6974 /* AppDelegate.swift */ = {isa = PBXFileReference; lastKnownFileType = sourcecode.swift; path = AppDelegate.swift; sourceTree = "<group>"; };
		A8C89F211EF90C3700DE6974 /* ViewController.swift */ = {isa = PBXFileReference; lastKnownFileType = sourcecode.swift; path = ViewController.swift; sourceTree = "<group>"; };
		A8C89F241EF90C3700DE6974 /* Base */ = {isa = PBXFileReference; lastKnownFileType = file.storyboard; name = Base; path = Base.lproj/Main.storyboard; sourceTree = "<group>"; };
		A8C89F261EF90C3700DE6974 /* Assets.xcassets */ = {isa = PBXFileReference; lastKnownFileType = folder.assetcatalog; path = Assets.xcassets; sourceTree = "<group>"; };
		A8C89F291EF90C3700DE6974 /* Base */ = {isa = PBXFileReference; lastKnownFileType = file.storyboard; name = Base; path = Base.lproj/LaunchScreen.storyboard; sourceTree = "<group>"; };
		A8C89F2B1EF90C3700DE6974 /* Info.plist */ = {isa = PBXFileReference; lastKnownFileType = text.plist.xml; path = Info.plist; sourceTree = "<group>"; };
		A8C89F311EF90D1D00DE6974 /* formView.swift */ = {isa = PBXFileReference; fileEncoding = 4; lastKnownFileType = sourcecode.swift; path = formView.swift; sourceTree = "<group>"; };
/* End PBXFileReference section */

/* Begin PBXFrameworksBuildPhase section */
		A8C89F191EF90C3600DE6974 /* Frameworks */ = {
			isa = PBXFrameworksBuildPhase;
			buildActionMask = 2147483647;
			files = (
			);
			runOnlyForDeploymentPostprocessing = 0;
		};
/* End PBXFrameworksBuildPhase section */

/* Begin PBXGroup section */
		A8C89F131EF90C3600DE6974 = {
			isa = PBXGroup;
			children = (
				A8C89F1E1EF90C3700DE6974 /* d06 */,
				A8C89F1D1EF90C3700DE6974 /* Products */,
			);
			sourceTree = "<group>";
		};
		A8C89F1D1EF90C3700DE6974 /* Products */ = {
			isa = PBXGroup;
			children = (
				A8C89F1C1EF90C3700DE6974 /* d06.app */,
			);
			name = Products;
			sourceTree = "<group>";
		};
		A8C89F1E1EF90C3700DE6974 /* d06 */ = {
			isa = PBXGroup;
			children = (
				A8C89F1F1EF90C3700DE6974 /* AppDelegate.swift */,
				A8C89F211EF90C3700DE6974 /* ViewController.swift */,
				A8C89F231EF90C3700DE6974 /* Main.storyboard */,
				A8C89F261EF90C3700DE6974 /* Assets.xcassets */,
				A8C89F281EF90C3700DE6974 /* LaunchScreen.storyboard */,
				A8C89F2B1EF90C3700DE6974 /* Info.plist */,
				A8C89F311EF90D1D00DE6974 /* formView.swift */,
			);
			path = d06;
			sourceTree = "<group>";
		};
/* End PBXGroup section */

/* Begin PBXNativeTarget section */
		A8C89F1B1EF90C3600DE6974 /* d06 */ = {
			isa = PBXNativeTarget;
			buildConfigurationList = A8C89F2E1EF90C3700DE6974 /* Build configuration list for PBXNativeTarget "d06" */;
			buildPhases = (
				A8C89F181EF90C3600DE6974 /* Sources */,
				A8C89F191EF90C3600DE6974 /* Frameworks */,
				A8C89F1A1EF90C3600DE6974 /* Resources */,
			);
			buildRules = (
			);
			dependencies = (
			);
			name = d06;
			productName = d06;
			productReference = A8C89F1C1EF90C3700DE6974 /* d06.app */;
			productType = "com.apple.product-type.application";
		};
/* End PBXNativeTarget section */

/* Begin PBXProject section */
		A8C89F141EF90C3600DE6974 /* Project object */ = {
			isa = PBXProject;
			attributes = {
				LastSwiftUpdateCheck = 0820;
				LastUpgradeCheck = 0820;
				ORGANIZATIONNAME = "Thomas LE MEUR";
				TargetAttributes = {
					A8C89F1B1EF90C3600DE6974 = {
						CreatedOnToolsVersion = 8.2.1;
						ProvisioningStyle = Automatic;
					};
				};
			};
			buildConfigurationList = A8C89F171EF90C3600DE6974 /* Build configuration list for PBXProject "d06" */;
			compatibilityVersion = "Xcode 3.2";
			developmentRegion = English;
			hasScannedForEncodings = 0;
			knownRegions = (
				en,
				Base,
			);
			mainGroup = A8C89F131EF90C3600DE6974;
			productRefGroup = A8C89F1D1EF90C3700DE6974 /* Products */;
			projectDirPath = "";
			projectRoot = "";
			targets = (
				A8C89F1B1EF90C3600DE6974 /* d06 */,
			);
		};
/* End PBXProject section */

/* Begin PBXResourcesBuildPhase section */
		A8C89F1A1EF90C3600DE6974 /* Resources */ = {
			isa = PBXResourcesBuildPhase;
			buildActionMask = 2147483647;
			files = (
				A8C89F2A1EF90C3700DE6974 /* LaunchScreen.storyboard in Resources */,
				A8C89F271EF90C3700DE6974 /* Assets.xcassets in Resources */,
				A8C89F251EF90C3700DE6974 /* Main.storyboard in Resources */,
			);
			runOnlyForDeploymentPostprocessing = 0;
		};
/* End PBXResourcesBuildPhase section */

/* Begin PBXSourcesBuildPhase section */
		A8C89F181EF90C3600DE6974 /* Sources */ = {
			isa = PBXSourcesBuildPhase;
			buildActionMask = 2147483647;
			files = (
				A8C89F221EF90C3700DE6974 /* ViewController.swift in Sources */,
				A8C89F201EF90C3700DE6974 /* AppDelegate.swift in Sources */,
				A8C89F321EF90D1D00DE6974 /* formView.swift in Sources */,
			);
			runOnlyForDeploymentPostprocessing = 0;
		};
/* End PBXSourcesBuildPhase section */

/* Begin PBXVariantGroup section */
		A8C89F231EF90C3700DE6974 /* Main.storyboard */ = {
			isa = PBXVariantGroup;
			children = (
				A8C89F241EF90C3700DE6974 /* Base */,
			);
			name = Main.storyboard;
			sourceTree = "<group>";
		};
		A8C89F281EF90C3700DE6974 /* LaunchScreen.storyboard */ = {
			isa = PBXVariantGroup;
			children = (
				A8C89F291EF90C3700DE6974 /* Base */,
			);
			name = LaunchScreen.storyboard;
			sourceTree = "<group>";
		};
/* End PBXVariantGroup section */

/* Begin XCBuildConfiguration section */
		A8C89F2C1EF90C3700DE6974 /* Debug */ = {
			isa = XCBuildConfiguration;
			buildSettings = {
				ALWAYS_SEARCH_USER_PATHS = NO;
				CLANG_ANALYZER_NONNULL = YES;
				CLANG_CXX_LANGUAGE_STANDARD = "gnu++0x";
				CLANG_CXX_LIBRARY = "libc++";
				CLANG_ENABLE_MODULES = YES;
				CLANG_ENABLE_OBJC_ARC = YES;
				CLANG_WARN_BOOL_CONVERSION = YES;
				CLANG_WARN_CONSTANT_CONVERSION = YES;
				CLANG_WARN_DIRECT_OBJC_ISA_USAGE = YES_ERROR;
				CLANG_WARN_DOCUMENTATION_COMMENTS = YES;
				CLANG_WARN_EMPTY_BODY = YES;
				CLANG_WARN_ENUM_CONVERSION = YES;
				CLANG_WARN_INFINITE_RECURSION = YES;
				CLANG_WARN_INT_CONVERSION = YES;
				CLANG_WARN_OBJC_ROOT_CLASS = YES_ERROR;
				CLANG_WARN_SUSPICIOUS_MOVE = YES;
				CLANG_WARN_UNREACHABLE_CODE = YES;
				CLANG_WARN__DUPLICATE_METHOD_MATCH = YES;
				"CODE_SIGN_IDENTITY[sdk=iphoneos*]" = "iPhone Developer";
				COPY_PHASE_STRIP = NO;
				DEBUG_INFORMATION_FORMAT = dwarf;
				ENABLE_STRICT_OBJC_MSGSEND = YES;
				ENABLE_TESTABILITY = YES;
				GCC_C_LANGUAGE_STANDARD = gnu99;
				GCC_DYNAMIC_NO_PIC = NO;
				GCC_NO_COMMON_BLOCKS = YES;
				GCC_OPTIMIZATION_LEVEL = 0;
				GCC_PREPROCESSOR_DEFINITIONS = (
					"DEBUG=1",
					"$(inherited)",
				);
				GCC_WARN_64_TO_32_BIT_CONVERSION = YES;
				GCC_WARN_ABOUT_RETURN_TYPE = YES_ERROR;
				GCC_WARN_UNDECLARED_SELECTOR = YES;
				GCC_WARN_UNINITIALIZED_AUTOS = YES_AGGRESSIVE;
				GCC_WARN_UNUSED_FUNCTION = YES;
				GCC_WARN_UNUSED_VARIABLE = YES;
				IPHONEOS_DEPLOYMENT_TARGET = 10.2;
				MTL_ENABLE_DEBUG_INFO = YES;
				ONLY_ACTIVE_ARCH = YES;
				SDKROOT = iphoneos;
				SWIFT_ACTIVE_COMPILATION_CONDITIONS = DEBUG;
				SWIFT_OPTIMIZATION_LEVEL = "-Onone";
				TARGETED_DEVICE_FAMILY = "1,2";
			};
			name = Debug;
		};
		A8C89F2D1EF90C3700DE6974 /* Release */ = {
			isa = XCBuildConfiguration;
			buildSettings = {
				ALWAYS_SEARCH_USER_PATHS = NO;
				CLANG_ANALYZER_NONNULL = YES;
				CLANG_CXX_LANGUAGE_STANDARD = "gnu++0x";
				CLANG_CXX_LIBRARY = "libc++";
				CLANG_ENABLE_MODULES = YES;
				CLANG_ENABLE_OBJC_ARC = YES;
				CLANG_WARN_BOOL_CONVERSION = YES;
				CLANG_WARN_CONSTANT_CONVERSION = YES;
				CLANG_WARN_DIRECT_OBJC_ISA_USAGE = YES_ERROR;
				CLANG_WARN_DOCUMENTATION_COMMENTS = YES;
				CLANG_WARN_EMPTY_BODY = YES;
				CLANG_WARN_ENUM_CONVERSION = YES;
				CLANG_WARN_INFINITE_RECURSION = YES;
				CLANG_WARN_INT_CONVERSION = YES;
				CLANG_WARN_OBJC_ROOT_CLASS = YES_ERROR;
				CLANG_WARN_SUSPICIOUS_MOVE = YES;
				CLANG_WARN_UNREACHABLE_CODE = YES;
				CLANG_WARN__DUPLICATE_METHOD_MATCH = YES;
				"CODE_SIGN_IDENTITY[sdk=iphoneos*]" = "iPhone Developer";
				COPY_PHASE_STRIP = NO;
				DEBUG_INFORMATION_FORMAT = "dwarf-with-dsym";
				ENABLE_NS_ASSERTIONS = NO;
				ENABLE_STRICT_OBJC_MSGSEND = YES;
				GCC_C_LANGUAGE_STANDARD = gnu99;
				GCC_NO_COMMON_BLOCKS = YES;
				GCC_WARN_64_TO_32_BIT_CONVERSION = YES;
				GCC_WARN_ABOUT_RETURN_TYPE = YES_ERROR;
				GCC_WARN_UNDECLARED_SELECTOR = YES;
				GCC_WARN_UNINITIALIZED_AUTOS = YES_AGGRESSIVE;
				GCC_WARN_UNUSED_FUNCTION = YES;
				GCC_WARN_UNUSED_VARIABLE = YES;
				IPHONEOS_DEPLOYMENT_TARGET = 10.2;
				MTL_ENABLE_DEBUG_INFO = NO;
				SDKROOT = iphoneos;
				SWIFT_OPTIMIZATION_LEVEL = "-Owholemodule";
				TARGETED_DEVICE_FAMILY = "1,2";
				VALIDATE_PRODUCT = YES;
			};
			name = Release;
		};
		A8C89F2F1EF90C3700DE6974 /* Debug */ = {
			isa = XCBuildConfiguration;
			buildSettings = {
				ASSETCATALOG_COMPILER_APPICON_NAME = AppIcon;
				INFOPLIST_FILE = d06/Info.plist;
				LD_RUNPATH_SEARCH_PATHS = "$(inherited) @executable_path/Frameworks";
				PRODUCT_BUNDLE_IDENTIFIER = d06.d06;
				PRODUCT_NAME = "$(TARGET_NAME)";
				SWIFT_VERSION = 3.0;
			};
			name = Debug;
		};
		A8C89F301EF90C3700DE6974 /* Release */ = {
			isa = XCBuildConfiguration;
			buildSettings = {
				ASSETCATALOG_COMPILER_APPICON_NAME = AppIcon;
				INFOPLIST_FILE = d06/Info.plist;
				LD_RUNPATH_SEARCH_PATHS = "$(inherited) @executable_path/Frameworks";
				PRODUCT_BUNDLE_IDENTIFIER = d06.d06;
				PRODUCT_NAME = "$(TARGET_NAME)";
				SWIFT_VERSION = 3.0;
			};
			name = Release;
		};
/* End XCBuildConfiguration section */

/* Begin XCConfigurationList section */
		A8C89F171EF90C3600DE6974 /* Build configuration list for PBXProject "d06" */ = {
			isa = XCConfigurationList;
			buildConfigurations = (
				A8C89F2C1EF90C3700DE6974 /* Debug */,
				A8C89F2D1EF90C3700DE6974 /* Release */,
			);
			defaultConfigurationIsVisible = 0;
			defaultConfigurationName = Release;
		};
		A8C89F2E1EF90C3700DE6974 /* Build configuration list for PBXNativeTarget "d06" */ = {
			isa = XCConfigurationList;
			buildConfigurations = (
				A8C89F2F1EF90C3700DE6974 /* Debug */,
				A8C89F301EF90C3700DE6974 /* Release */,
			);
			defaultConfigurationIsVisible = 0;
		};
/* End XCConfigurationList section */
	};
	rootObject = A8C89F141EF90C3600DE6974 /* Project object */;
}
